
Microsoft Visual Studio Solution File, Format Version 12.00
# Visual Studio Version 17
VisualStudioVersion = 17.3.32901.215
MinimumVisualStudioVersion = 10.0.40219.1
Project("{FAE04EC0-301F-11D3-BF4B-00C04F79EFBC}") = "2022", "2022.csproj", "{AD258A8E-054A-451E-80A9-1E4BCD73881F}"
EndProject
Global
	GlobalSection(SolutionConfigurationPlatforms) = preSolution
		Debug|Any CPU = Debug|Any CPU
		Release|Any CPU = Release|Any CPU
	EndGlobalSection
	GlobalSection(ProjectConfigurationPlatforms) = postSolution
		{AD258A8E-054A-451E-80A9-1E4BCD73881F}.Debug|Any CPU.ActiveCfg = Debug|Any CPU
		{AD258A8E-054A-451E-80A9-1E4BCD73881F}.Debug|Any CPU.Build.0 = Debug|Any CPU
		{AD258A8E-054A-451E-80A9-1E4BCD73881F}.Release|Any CPU.ActiveCfg = Release|Any CPU
		{AD258A8E-054A-451E-80A9-1E4BCD73881F}.Release|Any CPU.Build.0 = Release|Any CPU
	EndGlobalSection
	GlobalSection(SolutionProperties) = preSolution
		HideSolutionNode = FALSE
	EndGlobalSection
	GlobalSection(ExtensibilityGlobals) = postSolution
		SolutionGuid = {DF2574D4-32A8-43A6-B5AD-8D6666BE764C}
	EndGlobalSection
EndGlobal
