
Microsoft Visual Studio Solution File, Format Version 12.00
# Visual Studio Version 17
VisualStudioVersion = 17.3.32901.215
MinimumVisualStudioVersion = 10.0.40219.1
Project("{9A19103F-16F7-4668-BE54-9A1E7A4F7556}") = "day1", "day1\day1.csproj", "{7D5881FB-D8FE-4AB9-A019-110493F866AC}"
EndProject
Project("{9A19103F-16F7-4668-BE54-9A1E7A4F7556}") = "day2", "day2\day2.csproj", "{43125586-6975-4955-B515-67FBF5044C8B}"
EndProject
Project("{9A19103F-16F7-4668-BE54-9A1E7A4F7556}") = "day3", "day3\day3.csproj", "{70959BA5-C96E-4CFF-9754-DC1A14A82D3A}"
EndProject
Project("{9A19103F-16F7-4668-BE54-9A1E7A4F7556}") = "day4", "day4\day4.csproj", "{52FA472D-97C9-463C-9C63-21D7234DE829}"
EndProject
Project("{9A19103F-16F7-4668-BE54-9A1E7A4F7556}") = "day5", "day5\day5.csproj", "{3C381307-9DAD-453B-8887-ED213A8A0ED5}"
EndProject
Project("{9A19103F-16F7-4668-BE54-9A1E7A4F7556}") = "AdventOfCode", "AdventOfCode\AdventOfCode.csproj", "{7BB25D85-D8B1-4D36-91A0-703AD4832A2B}"
EndProject
Project("{9A19103F-16F7-4668-BE54-9A1E7A4F7556}") = "day6", "day6\day6.csproj", "{82196F3A-B645-4675-BEB3-01B7441A1B15}"
EndProject
Project("{FAE04EC0-301F-11D3-BF4B-00C04F79EFBC}") = "day7", "day7\day7.csproj", "{ECA02B7D-10A3-4BAB-A668-9D31F3229D9E}"
EndProject
Global
	GlobalSection(SolutionConfigurationPlatforms) = preSolution
		Debug|Any CPU = Debug|Any CPU
		Release|Any CPU = Release|Any CPU
	EndGlobalSection
	GlobalSection(ProjectConfigurationPlatforms) = postSolution
		{7D5881FB-D8FE-4AB9-A019-110493F866AC}.Debug|Any CPU.ActiveCfg = Debug|Any CPU
		{7D5881FB-D8FE-4AB9-A019-110493F866AC}.Debug|Any CPU.Build.0 = Debug|Any CPU
		{7D5881FB-D8FE-4AB9-A019-110493F866AC}.Release|Any CPU.ActiveCfg = Release|Any CPU
		{7D5881FB-D8FE-4AB9-A019-110493F866AC}.Release|Any CPU.Build.0 = Release|Any CPU
		{43125586-6975-4955-B515-67FBF5044C8B}.Debug|Any CPU.ActiveCfg = Debug|Any CPU
		{43125586-6975-4955-B515-67FBF5044C8B}.Debug|Any CPU.Build.0 = Debug|Any CPU
		{43125586-6975-4955-B515-67FBF5044C8B}.Release|Any CPU.ActiveCfg = Release|Any CPU
		{43125586-6975-4955-B515-67FBF5044C8B}.Release|Any CPU.Build.0 = Release|Any CPU
		{70959BA5-C96E-4CFF-9754-DC1A14A82D3A}.Debug|Any CPU.ActiveCfg = Debug|Any CPU
		{70959BA5-C96E-4CFF-9754-DC1A14A82D3A}.Debug|Any CPU.Build.0 = Debug|Any CPU
		{70959BA5-C96E-4CFF-9754-DC1A14A82D3A}.Release|Any CPU.ActiveCfg = Release|Any CPU
		{70959BA5-C96E-4CFF-9754-DC1A14A82D3A}.Release|Any CPU.Build.0 = Release|Any CPU
		{52FA472D-97C9-463C-9C63-21D7234DE829}.Debug|Any CPU.ActiveCfg = Debug|Any CPU
		{52FA472D-97C9-463C-9C63-21D7234DE829}.Debug|Any CPU.Build.0 = Debug|Any CPU
		{52FA472D-97C9-463C-9C63-21D7234DE829}.Release|Any CPU.ActiveCfg = Release|Any CPU
		{52FA472D-97C9-463C-9C63-21D7234DE829}.Release|Any CPU.Build.0 = Release|Any CPU
		{3C381307-9DAD-453B-8887-ED213A8A0ED5}.Debug|Any CPU.ActiveCfg = Debug|Any CPU
		{3C381307-9DAD-453B-8887-ED213A8A0ED5}.Debug|Any CPU.Build.0 = Debug|Any CPU
		{3C381307-9DAD-453B-8887-ED213A8A0ED5}.Release|Any CPU.ActiveCfg = Release|Any CPU
		{3C381307-9DAD-453B-8887-ED213A8A0ED5}.Release|Any CPU.Build.0 = Release|Any CPU
		{7BB25D85-D8B1-4D36-91A0-703AD4832A2B}.Debug|Any CPU.ActiveCfg = Debug|Any CPU
		{7BB25D85-D8B1-4D36-91A0-703AD4832A2B}.Debug|Any CPU.Build.0 = Debug|Any CPU
		{7BB25D85-D8B1-4D36-91A0-703AD4832A2B}.Release|Any CPU.ActiveCfg = Release|Any CPU
		{7BB25D85-D8B1-4D36-91A0-703AD4832A2B}.Release|Any CPU.Build.0 = Release|Any CPU
		{82196F3A-B645-4675-BEB3-01B7441A1B15}.Debug|Any CPU.ActiveCfg = Debug|Any CPU
		{82196F3A-B645-4675-BEB3-01B7441A1B15}.Debug|Any CPU.Build.0 = Debug|Any CPU
		{82196F3A-B645-4675-BEB3-01B7441A1B15}.Release|Any CPU.ActiveCfg = Release|Any CPU
		{82196F3A-B645-4675-BEB3-01B7441A1B15}.Release|Any CPU.Build.0 = Release|Any CPU
		{ECA02B7D-10A3-4BAB-A668-9D31F3229D9E}.Debug|Any CPU.ActiveCfg = Debug|Any CPU
		{ECA02B7D-10A3-4BAB-A668-9D31F3229D9E}.Debug|Any CPU.Build.0 = Debug|Any CPU
		{ECA02B7D-10A3-4BAB-A668-9D31F3229D9E}.Release|Any CPU.ActiveCfg = Release|Any CPU
		{ECA02B7D-10A3-4BAB-A668-9D31F3229D9E}.Release|Any CPU.Build.0 = Release|Any CPU
	EndGlobalSection
	GlobalSection(SolutionProperties) = preSolution
		HideSolutionNode = FALSE
	EndGlobalSection
	GlobalSection(ExtensibilityGlobals) = postSolution
		SolutionGuid = {1BD50F61-38FC-415C-B24C-A0123BEBE97F}
	EndGlobalSection
EndGlobal
